// !$*UTF8*$!
{
	archiveVersion = 1;
	classes = {
	};
	objectVersion = 46;
	objects = {

/* Begin PBXBuildFile section */
		4FFFE0051F2AD7FF00FC04A9 /* AppDelegate.swift in Sources */ = {isa = PBXBuildFile; fileRef = 4FFFE0041F2AD7FF00FC04A9 /* AppDelegate.swift */; };
		4FFFE0071F2AD7FF00FC04A9 /* ViewController.swift in Sources */ = {isa = PBXBuildFile; fileRef = 4FFFE0061F2AD7FF00FC04A9 /* ViewController.swift */; };
		4FFFE00A1F2AD7FF00FC04A9 /* Main.storyboard in Resources */ = {isa = PBXBuildFile; fileRef = 4FFFE0081F2AD7FF00FC04A9 /* Main.storyboard */; };
		4FFFE00C1F2AD7FF00FC04A9 /* Assets.xcassets in Resources */ = {isa = PBXBuildFile; fileRef = 4FFFE00B1F2AD7FF00FC04A9 /* Assets.xcassets */; };
		4FFFE00F1F2AD7FF00FC04A9 /* LaunchScreen.storyboard in Resources */ = {isa = PBXBuildFile; fileRef = 4FFFE00D1F2AD7FF00FC04A9 /* LaunchScreen.storyboard */; };
		4FFFE0171F2AD9B500FC04A9 /* SecondViewController.swift in Sources */ = {isa = PBXBuildFile; fileRef = 4FFFE0161F2AD9B500FC04A9 /* SecondViewController.swift */; };
/* End PBXBuildFile section */

/* Begin PBXFileReference section */
		4FFFE0011F2AD7FF00FC04A9 /* MultiScreen.app */ = {isa = PBXFileReference; explicitFileType = wrapper.application; includeInIndex = 0; path = MultiScreen.app; sourceTree = BUILT_PRODUCTS_DIR; };
		4FFFE0041F2AD7FF00FC04A9 /* AppDelegate.swift */ = {isa = PBXFileReference; lastKnownFileType = sourcecode.swift; path = AppDelegate.swift; sourceTree = "<group>"; };
		4FFFE0061F2AD7FF00FC04A9 /* ViewController.swift */ = {isa = PBXFileReference; lastKnownFileType = sourcecode.swift; path = ViewController.swift; sourceTree = "<group>"; };
		4FFFE0091F2AD7FF00FC04A9 /* Base */ = {isa = PBXFileReference; lastKnownFileType = file.storyboard; name = Base; path = Base.lproj/Main.storyboard; sourceTree = "<group>"; };
		4FFFE00B1F2AD7FF00FC04A9 /* Assets.xcassets */ = {isa = PBXFileReference; lastKnownFileType = folder.assetcatalog; path = Assets.xcassets; sourceTree = "<group>"; };
		4FFFE00E1F2AD7FF00FC04A9 /* Base */ = {isa = PBXFileReference; lastKnownFileType = file.storyboard; name = Base; path = Base.lproj/LaunchScreen.storyboard; sourceTree = "<group>"; };
		4FFFE0101F2AD7FF00FC04A9 /* Info.plist */ = {isa = PBXFileReference; lastKnownFileType = text.plist.xml; path = Info.plist; sourceTree = "<group>"; };
		4FFFE0161F2AD9B500FC04A9 /* SecondViewController.swift */ = {isa = PBXFileReference; fileEncoding = 4; lastKnownFileType = sourcecode.swift; path = SecondViewController.swift; sourceTree = "<group>"; };
/* End PBXFileReference section */

/* Begin PBXFrameworksBuildPhase section */
		4FFFDFFE1F2AD7FF00FC04A9 /* Frameworks */ = {
			isa = PBXFrameworksBuildPhase;
			buildActionMask = 2147483647;
			files = (
			);
			runOnlyForDeploymentPostprocessing = 0;
		};
/* End PBXFrameworksBuildPhase section */

/* Begin PBXGroup section */
		4FFFDFF81F2AD7FF00FC04A9 = {
			isa = PBXGroup;
			children = (
				4FFFE0031F2AD7FF00FC04A9 /* MultiScreen */,
				4FFFE0021F2AD7FF00FC04A9 /* Products */,
			);
			sourceTree = "<group>";
		};
		4FFFE0021F2AD7FF00FC04A9 /* Products */ = {
			isa = PBXGroup;
			children = (
				4FFFE0011F2AD7FF00FC04A9 /* MultiScreen.app */,
			);
			name = Products;
			sourceTree = "<group>";
		};
		4FFFE0031F2AD7FF00FC04A9 /* MultiScreen */ = {
			isa = PBXGroup;
			children = (
				4FFFE0041F2AD7FF00FC04A9 /* AppDelegate.swift */,
				4FFFE0061F2AD7FF00FC04A9 /* ViewController.swift */,
				4FFFE0081F2AD7FF00FC04A9 /* Main.storyboard */,
				4FFFE0161F2AD9B500FC04A9 /* SecondViewController.swift */,
				4FFFE00B1F2AD7FF00FC04A9 /* Assets.xcassets */,
				4FFFE00D1F2AD7FF00FC04A9 /* LaunchScreen.storyboard */,
				4FFFE0101F2AD7FF00FC04A9 /* Info.plist */,
			);
			path = MultiScreen;
			sourceTree = "<group>";
		};
/* End PBXGroup section */

/* Begin PBXNativeTarget section */
		4FFFE0001F2AD7FF00FC04A9 /* MultiScreen */ = {
			isa = PBXNativeTarget;
			buildConfigurationList = 4FFFE0131F2AD7FF00FC04A9 /* Build configuration list for PBXNativeTarget "MultiScreen" */;
			buildPhases = (
				4FFFDFFD1F2AD7FF00FC04A9 /* Sources */,
				4FFFDFFE1F2AD7FF00FC04A9 /* Frameworks */,
				4FFFDFFF1F2AD7FF00FC04A9 /* Resources */,
			);
			buildRules = (
			);
			dependencies = (
			);
			name = MultiScreen;
			productName = MultiScreen;
			productReference = 4FFFE0011F2AD7FF00FC04A9 /* MultiScreen.app */;
			productType = "com.apple.product-type.application";
		};
/* End PBXNativeTarget section */

/* Begin PBXProject section */
		4FFFDFF91F2AD7FF00FC04A9 /* Project object */ = {
			isa = PBXProject;
			attributes = {
				LastSwiftUpdateCheck = 0830;
				LastUpgradeCheck = 0830;
				ORGANIZATIONNAME = team;
				TargetAttributes = {
					4FFFE0001F2AD7FF00FC04A9 = {
						CreatedOnToolsVersion = 8.3.3;
						ProvisioningStyle = Automatic;
					};
				};
			};
			buildConfigurationList = 4FFFDFFC1F2AD7FF00FC04A9 /* Build configuration list for PBXProject "MultiScreen" */;
			compatibilityVersion = "Xcode 3.2";
			developmentRegion = English;
			hasScannedForEncodings = 0;
			knownRegions = (
				en,
				Base,
			);
			mainGroup = 4FFFDFF81F2AD7FF00FC04A9;
			productRefGroup = 4FFFE0021F2AD7FF00FC04A9 /* Products */;
			projectDirPath = "";
			projectRoot = "";
			targets = (
				4FFFE0001F2AD7FF00FC04A9 /* MultiScreen */,
			);
		};
/* End PBXProject section */

/* Begin PBXResourcesBuildPhase section */
		4FFFDFFF1F2AD7FF00FC04A9 /* Resources */ = {
			isa = PBXResourcesBuildPhase;
			buildActionMask = 2147483647;
			files = (
				4FFFE00F1F2AD7FF00FC04A9 /* LaunchScreen.storyboard in Resources */,
				4FFFE00C1F2AD7FF00FC04A9 /* Assets.xcassets in Resources */,
				4FFFE00A1F2AD7FF00FC04A9 /* Main.storyboard in Resources */,
			);
			runOnlyForDeploymentPostprocessing = 0;
		};
/* End PBXResourcesBuildPhase section */

/* Begin PBXSourcesBuildPhase section */
		4FFFDFFD1F2AD7FF00FC04A9 /* Sources */ = {
			isa = PBXSourcesBuildPhase;
			buildActionMask = 2147483647;
			files = (
				4FFFE0171F2AD9B500FC04A9 /* SecondViewController.swift in Sources */,
				4FFFE0071F2AD7FF00FC04A9 /* ViewController.swift in Sources */,
				4FFFE0051F2AD7FF00FC04A9 /* AppDelegate.swift in Sources */,
			);
			runOnlyForDeploymentPostprocessing = 0;
		};
/* End PBXSourcesBuildPhase section */

/* Begin PBXVariantGroup section */
		4FFFE0081F2AD7FF00FC04A9 /* Main.storyboard */ = {
			isa = PBXVariantGroup;
			children = (
				4FFFE0091F2AD7FF00FC04A9 /* Base */,
			);
			name = Main.storyboard;
			sourceTree = "<group>";
		};
		4FFFE00D1F2AD7FF00FC04A9 /* LaunchScreen.storyboard */ = {
			isa = PBXVariantGroup;
			children = (
				4FFFE00E1F2AD7FF00FC04A9 /* Base */,
			);
			name = LaunchScreen.storyboard;
			sourceTree = "<group>";
		};
/* End PBXVariantGroup section */

/* Begin XCBuildConfiguration section */
		4FFFE0111F2AD7FF00FC04A9 /* Debug */ = {
			isa = XCBuildConfiguration;
			buildSettings = {
				ALWAYS_SEARCH_USER_PATHS = NO;
				CLANG_ANALYZER_NONNULL = YES;
				CLANG_ANALYZER_NUMBER_OBJECT_CONVERSION = YES_AGGRESSIVE;
				CLANG_CXX_LANGUAGE_STANDARD = "gnu++0x";
				CLANG_CXX_LIBRARY = "libc++";
				CLANG_ENABLE_MODULES = YES;
				CLANG_ENABLE_OBJC_ARC = YES;
				CLANG_WARN_BOOL_CONVERSION = YES;
				CLANG_WARN_CONSTANT_CONVERSION = YES;
				CLANG_WARN_DIRECT_OBJC_ISA_USAGE = YES_ERROR;
				CLANG_WARN_DOCUMENTATION_COMMENTS = YES;
				CLANG_WARN_EMPTY_BODY = YES;
				CLANG_WARN_ENUM_CONVERSION = YES;
				CLANG_WARN_INFINITE_RECURSION = YES;
				CLANG_WARN_INT_CONVERSION = YES;
				CLANG_WARN_OBJC_ROOT_CLASS = YES_ERROR;
				CLANG_WARN_SUSPICIOUS_MOVE = YES;
				CLANG_WARN_UNREACHABLE_CODE = YES;
				CLANG_WARN__DUPLICATE_METHOD_MATCH = YES;
				"CODE_SIGN_IDENTITY[sdk=iphoneos*]" = "iPhone Developer";
				COPY_PHASE_STRIP = NO;
				DEBUG_INFORMATION_FORMAT = dwarf;
				ENABLE_STRICT_OBJC_MSGSEND = YES;
				ENABLE_TESTABILITY = YES;
				GCC_C_LANGUAGE_STANDARD = gnu99;
				GCC_DYNAMIC_NO_PIC = NO;
				GCC_NO_COMMON_BLOCKS = YES;
				GCC_OPTIMIZATION_LEVEL = 0;
				GCC_PREPROCESSOR_DEFINITIONS = (
					"DEBUG=1",
					"$(inherited)",
				);
				GCC_WARN_64_TO_32_BIT_CONVERSION = YES;
				GCC_WARN_ABOUT_RETURN_TYPE = YES_ERROR;
				GCC_WARN_UNDECLARED_SELECTOR = YES;
				GCC_WARN_UNINITIALIZED_AUTOS = YES_AGGRESSIVE;
				GCC_WARN_UNUSED_FUNCTION = YES;
				GCC_WARN_UNUSED_VARIABLE = YES;
				IPHONEOS_DEPLOYMENT_TARGET = 10.3;
				MTL_ENABLE_DEBUG_INFO = YES;
				ONLY_ACTIVE_ARCH = YES;
				SDKROOT = iphoneos;
				SWIFT_ACTIVE_COMPILATION_CONDITIONS = DEBUG;
				SWIFT_OPTIMIZATION_LEVEL = "-Onone";
				TARGETED_DEVICE_FAMILY = "1,2";
			};
			name = Debug;
		};
		4FFFE0121F2AD7FF00FC04A9 /* Release */ = {
			isa = XCBuildConfiguration;
			buildSettings = {
				ALWAYS_SEARCH_USER_PATHS = NO;
				CLANG_ANALYZER_NONNULL = YES;
				CLANG_ANALYZER_NUMBER_OBJECT_CONVERSION = YES_AGGRESSIVE;
				CLANG_CXX_LANGUAGE_STANDARD = "gnu++0x";
				CLANG_CXX_LIBRARY = "libc++";
				CLANG_ENABLE_MODULES = YES;
				CLANG_ENABLE_OBJC_ARC = YES;
				CLANG_WARN_BOOL_CONVERSION = YES;
				CLANG_WARN_CONSTANT_CONVERSION = YES;
				CLANG_WARN_DIRECT_OBJC_ISA_USAGE = YES_ERROR;
				CLANG_WARN_DOCUMENTATION_COMMENTS = YES;
				CLANG_WARN_EMPTY_BODY = YES;
				CLANG_WARN_ENUM_CONVERSION = YES;
				CLANG_WARN_INFINITE_RECURSION = YES;
				CLANG_WARN_INT_CONVERSION = YES;
				CLANG_WARN_OBJC_ROOT_CLASS = YES_ERROR;
				CLANG_WARN_SUSPICIOUS_MOVE = YES;
				CLANG_WARN_UNREACHABLE_CODE = YES;
				CLANG_WARN__DUPLICATE_METHOD_MATCH = YES;
				"CODE_SIGN_IDENTITY[sdk=iphoneos*]" = "iPhone Developer";
				COPY_PHASE_STRIP = NO;
				DEBUG_INFORMATION_FORMAT = "dwarf-with-dsym";
				ENABLE_NS_ASSERTIONS = NO;
				ENABLE_STRICT_OBJC_MSGSEND = YES;
				GCC_C_LANGUAGE_STANDARD = gnu99;
				GCC_NO_COMMON_BLOCKS = YES;
				GCC_WARN_64_TO_32_BIT_CONVERSION = YES;
				GCC_WARN_ABOUT_RETURN_TYPE = YES_ERROR;
				GCC_WARN_UNDECLARED_SELECTOR = YES;
				GCC_WARN_UNINITIALIZED_AUTOS = YES_AGGRESSIVE;
				GCC_WARN_UNUSED_FUNCTION = YES;
				GCC_WARN_UNUSED_VARIABLE = YES;
				IPHONEOS_DEPLOYMENT_TARGET = 10.3;
				MTL_ENABLE_DEBUG_INFO = NO;
				SDKROOT = iphoneos;
				SWIFT_OPTIMIZATION_LEVEL = "-Owholemodule";
				TARGETED_DEVICE_FAMILY = "1,2";
				VALIDATE_PRODUCT = YES;
			};
			name = Release;
		};
		4FFFE0141F2AD7FF00FC04A9 /* Debug */ = {
			isa = XCBuildConfiguration;
			buildSettings = {
				ASSETCATALOG_COMPILER_APPICON_NAME = AppIcon;
				INFOPLIST_FILE = MultiScreen/Info.plist;
				LD_RUNPATH_SEARCH_PATHS = "$(inherited) @executable_path/Frameworks";
				PRODUCT_BUNDLE_IDENTIFIER = teamza.MultiScreen;
				PRODUCT_NAME = "$(TARGET_NAME)";
				SWIFT_VERSION = 3.0;
			};
			name = Debug;
		};
		4FFFE0151F2AD7FF00FC04A9 /* Release */ = {
			isa = XCBuildConfiguration;
			buildSettings = {
				ASSETCATALOG_COMPILER_APPICON_NAME = AppIcon;
				INFOPLIST_FILE = MultiScreen/Info.plist;
				LD_RUNPATH_SEARCH_PATHS = "$(inherited) @executable_path/Frameworks";
				PRODUCT_BUNDLE_IDENTIFIER = teamza.MultiScreen;
				PRODUCT_NAME = "$(TARGET_NAME)";
				SWIFT_VERSION = 3.0;
			};
			name = Release;
		};
/* End XCBuildConfiguration section */

/* Begin XCConfigurationList section */
		4FFFDFFC1F2AD7FF00FC04A9 /* Build configuration list for PBXProject "MultiScreen" */ = {
			isa = XCConfigurationList;
			buildConfigurations = (
				4FFFE0111F2AD7FF00FC04A9 /* Debug */,
				4FFFE0121F2AD7FF00FC04A9 /* Release */,
			);
			defaultConfigurationIsVisible = 0;
			defaultConfigurationName = Release;
		};
		4FFFE0131F2AD7FF00FC04A9 /* Build configuration list for PBXNativeTarget "MultiScreen" */ = {
			isa = XCConfigurationList;
			buildConfigurations = (
				4FFFE0141F2AD7FF00FC04A9 /* Debug */,
				4FFFE0151F2AD7FF00FC04A9 /* Release */,
			);
			defaultConfigurationIsVisible = 0;
		};
/* End XCConfigurationList section */
	};
	rootObject = 4FFFDFF91F2AD7FF00FC04A9 /* Project object */;
}
